// !$*UTF8*$!
{
	archiveVersion = 1;
	classes = {
	};
	objectVersion = 46;
	objects = {

		328FDCD3B30C1894541FC4E6 = {isa = PBXBuildFile; fileRef = 07F231134993368314AED413; };
		118593CFE7707F34C24F16C6 = {isa = PBXBuildFile; fileRef = 5598A5D15C92D7D3043FCE48; };
		7C223B9B4F974DAC9EE3FD0C = {isa = PBXBuildFile; fileRef = 7269A6D5BB5E6F46E4EEC267; };
		A99FF484D1DCE20CFDA3F3E6 = {isa = PBXBuildFile; fileRef = 9C6AC4DFC252BFAC3E344309; };
		307BF7B3EB3B5D88E91CCBC9 = {isa = PBXBuildFile; fileRef = 7AC4ECC71F664071BA57D33F; };
		4B27700196DA856CBBA5EA24 = {isa = PBXBuildFile; fileRef = A1EA483B8E958EAF00D0944F; };
		3A8D44BEBCB10D91FD95A3B3 = {isa = PBXBuildFile; fileRef = DC2C0B0E609DF53A324704E9; };
		F611B90CC2889000E4BDE96D = {isa = PBXBuildFile; fileRef = ED7112B7795F702D408A7EDF; };
		7C35579A2313658AB56579D2 = {isa = PBXBuildFile; fileRef = C96E789C5C7DE2986A959A91; };
		F8E94AFA1DC4B188AEECFB49 = {isa = PBXBuildFile; fileRef = 82D3AE1764DE3E7C33445677; };
		F55FF5C475179E0AE4F8B4F3 = {isa = PBXBuildFile; fileRef = DCD08F3A9F23E17A2C43D9F5; };
		C31B605494B884F08239EABD = {isa = PBXBuildFile; fileRef = F053B6E79F502AFEEE11A761; };
		73772D5CE876398FCBD8A924 = {isa = PBXBuildFile; fileRef = A46D44A69C500943F4DFAA3F; };
		89620AFD76A49C2982E4ED99 = {isa = PBXBuildFile; fileRef = 66B3A44C97B2F7C50CFE4A48; };
		9042CEA9539527406C47F6A3 = {isa = PBXBuildFile; fileRef = EB17E1A6FD2060196B47AE95; };
		53BE1CD7FA8D080B0C24ABD8 = {isa = PBXBuildFile; fileRef = 2276BFD4E8B0EB354D1E9BFB; };
		8AACC957312B639C7CB4D08A = {isa = PBXBuildFile; fileRef = 6763DCBD751C486FDEA4EEDE; };
		775C187AC55334E9F3FBF005 = {isa = PBXBuildFile; fileRef = 6A4E2F8571C4A07FE0A89607; };
		EE2F7EBC2CD08B6CA379145C = {isa = PBXBuildFile; fileRef = 115AD71FB84F2C409E872AD1; };
		65105950055CE24ACACE86D4 = {isa = PBXBuildFile; fileRef = 8692221432C45451D84D26EB; };
		0C03211977D6A323D91B61BA = {isa = PBXBuildFile; fileRef = F0830CBA0E4527AA76D11606; };
		093A14F66924181489CC3D68 = {isa = PBXBuildFile; fileRef = B84D055470E402D920E58504; };
		BC4F3BA2DA3038AF282BBADB = {isa = PBXBuildFile; fileRef = 00177D1C9A91108547C865D7; };
		25E5C1CB8137447630A6C1B8 = {isa = PBXBuildFile; fileRef = 5B3262A49FAAD358B3383589; };
		A505A95C71FCA73CDB27F1B2 = {isa = PBXBuildFile; fileRef = 67C42BD53B5CF31BA9292F3C; };
		F9233B141B715B96E7991CA5 = {isa = PBXBuildFile; fileRef = 0C8F46C243B2832FB20CA114; };
		2E21A426FB7700D50F3F009A = {isa = PBXBuildFile; fileRef = 9FAFF0490BE6607EE9C99AC4; };
		EE476438E08BD4A949F34E5F = {isa = PBXBuildFile; fileRef = 1A5754624DF8F09B9D05F57D; };
		D33CD533C42B97C446B414FB = {isa = PBXBuildFile; fileRef = 106B1C2789550E304D939965; };
		39C183D434D26387E4766BD1 = {isa = PBXBuildFile; fileRef = FB2911FDA18977C7FA91009A; };
		2B7BBB17D77A64D6CFB4EF0A = {isa = PBXBuildFile; fileRef = 7FBA17E3D287676D786E928D; };
		A3F693F3163EE919C0860FB4 = {isa = PBXBuildFile; fileRef = 4EA45B09D76CD190938C5775; };
		512231284322B69B4BC6AAC0 = {isa = PBXBuildFile; fileRef = B731045D0AA8F0B4157D4661; };
		35735959EE22EA5E3A58B785 = {isa = PBXBuildFile; fileRef = 2F3EE0BCF02817CEADE703DD; };
		00177D1C9A91108547C865D7 = {isa = PBXFileReference; lastKnownFileType = sourcecode.cpp.objcpp; name = "include_juce_audio_plugin_client_AU_1.mm"; path = "../../JuceLibraryCode/include_juce_audio_plugin_client_AU_1.mm"; sourceTree = "SOURCE_ROOT"; };
		07F231134993368314AED413 = {isa = PBXFileReference; explicitFileType = wrapper.cfbundle; includeInIndex = 0; path = PyoFilter.component; sourceTree = "BUILT_PRODUCTS_DIR"; };
		0C8F46C243B2832FB20CA114 = {isa = PBXFileReference; lastKnownFileType = sourcecode.cpp.objcpp; name = "include_juce_audio_plugin_client_VST_utils.mm"; path = "../../JuceLibraryCode/include_juce_audio_plugin_client_VST_utils.mm"; sourceTree = "SOURCE_ROOT"; };
		106B1C2789550E304D939965 = {isa = PBXFileReference; lastKnownFileType = sourcecode.cpp.objcpp; name = "include_juce_cryptography.mm"; path = "../../JuceLibraryCode/include_juce_cryptography.mm"; sourceTree = "SOURCE_ROOT"; };
		10A7D5F58EC9D3B37A4A6624 = {isa = PBXFileReference; lastKnownFileType = text.plist.xml; name = PyoFilter.entitlements; path = PyoFilter.entitlements; sourceTree = "SOURCE_ROOT"; };
		115AD71FB84F2C409E872AD1 = {isa = PBXFileReference; lastKnownFileType = sourcecode.cpp.objcpp; name = "include_juce_audio_basics.mm"; path = "../../JuceLibraryCode/include_juce_audio_basics.mm"; sourceTree = "SOURCE_ROOT"; };
		1A5754624DF8F09B9D05F57D = {isa = PBXFileReference; lastKnownFileType = sourcecode.cpp.objcpp; name = "include_juce_core.mm"; path = "../../JuceLibraryCode/include_juce_core.mm"; sourceTree = "SOURCE_ROOT"; };
		1B4F36FF10A8B090ED420ABF = {isa = PBXFileReference; lastKnownFileType = file; name = "juce_audio_plugin_client"; path = "../../../../../../../../Applications/JUCE/modules/juce_audio_plugin_client"; sourceTree = "SOURCE_ROOT"; };
		1F5EAB43308445DBFD8F4119 = {isa = PBXFileReference; lastKnownFileType = file; name = "juce_audio_devices"; path = "../../../../../../../../Applications/JUCE/modules/juce_audio_devices"; sourceTree = "SOURCE_ROOT"; };
		210D9AF8510204D578DE17DA = {isa = PBXFileReference; lastKnownFileType = file; name = "juce_core"; path = "../../../../../../../../Applications/JUCE/modules/juce_core"; sourceTree = "SOURCE_ROOT"; };
		2276BFD4E8B0EB354D1E9BFB = {isa = PBXFileReference; lastKnownFileType = sourcecode.cpp.cpp; name = PluginProcessor.cpp; path = ../../Source/PluginProcessor.cpp; sourceTree = "SOURCE_ROOT"; };
		2F3EE0BCF02817CEADE703DD = {isa = PBXFileReference; lastKnownFileType = sourcecode.cpp.objcpp; name = "include_juce_gui_extra.mm"; path = "../../JuceLibraryCode/include_juce_gui_extra.mm"; sourceTree = "SOURCE_ROOT"; };
		41A0B3B0E8683197BF8CF91D = {isa = PBXFileReference; lastKnownFileType = sourcecode.c.h; name = PluginProcessor.h; path = ../../Source/PluginProcessor.h; sourceTree = "SOURCE_ROOT"; };
		4EA45B09D76CD190938C5775 = {isa = PBXFileReference; lastKnownFileType = sourcecode.cpp.objcpp; name = "include_juce_graphics.mm"; path = "../../JuceLibraryCode/include_juce_graphics.mm"; sourceTree = "SOURCE_ROOT"; };
		5598A5D15C92D7D3043FCE48 = {isa = PBXFileReference; explicitFileType = archive.ar; includeInIndex = 0; path = libPyoFilter.a; sourceTree = "BUILT_PRODUCTS_DIR"; };
		5B3262A49FAAD358B3383589 = {isa = PBXFileReference; lastKnownFileType = sourcecode.cpp.objcpp; name = "include_juce_audio_plugin_client_AU_2.mm"; path = "../../JuceLibraryCode/include_juce_audio_plugin_client_AU_2.mm"; sourceTree = "SOURCE_ROOT"; };
		5F284A152D55B240C7CF795F = {isa = PBXFileReference; lastKnownFileType = sourcecode.c.h; name = PyoAUEditor.h; path = ../../Source/PyoAUEditor.h; sourceTree = "SOURCE_ROOT"; };
		66B3A44C97B2F7C50CFE4A48 = {isa = PBXFileReference; lastKnownFileType = wrapper.framework; name = WebKit.framework; path = System/Library/Frameworks/WebKit.framework; sourceTree = SDKROOT; };
		6763DCBD751C486FDEA4EEDE = {isa = PBXFileReference; lastKnownFileType = sourcecode.cpp.cpp; name = PyoClass.cpp; path = ../../Source/PyoClass.cpp; sourceTree = "SOURCE_ROOT"; };
		67C42BD53B5CF31BA9292F3C = {isa = PBXFileReference; lastKnownFileType = sourcecode.cpp.cpp; name = "include_juce_audio_plugin_client_utils.cpp"; path = "../../JuceLibraryCode/include_juce_audio_plugin_client_utils.cpp"; sourceTree = "SOURCE_ROOT"; };
		6A4E2F8571C4A07FE0A89607 = {isa = PBXFileReference; lastKnownFileType = sourcecode.cpp.cpp; name = BinaryData.cpp; path = ../../JuceLibraryCode/BinaryData.cpp; sourceTree = "SOURCE_ROOT"; };
		726538320A982D750BBCC4FF = {isa = PBXFileReference; lastKnownFileType = file; name = "juce_graphics"; path = "../../../../../../../../Applications/JUCE/modules/juce_graphics"; sourceTree = "SOURCE_ROOT"; };
		7269A6D5BB5E6F46E4EEC267 = {isa = PBXFileReference; lastKnownFileType = wrapper.framework; name = Accelerate.framework; path = System/Library/Frameworks/Accelerate.framework; sourceTree = SDKROOT; };
		78485639E4AD355373030BC4 = {isa = PBXFileReference; lastKnownFileType = file.py; name = pyoFilter.py; path = ../../Source/pyoFilter.py; sourceTree = "SOURCE_ROOT"; };
		7AC4ECC71F664071BA57D33F = {isa = PBXFileReference; lastKnownFileType = wrapper.framework; name = AudioUnit.framework; path = System/Library/Frameworks/AudioUnit.framework; sourceTree = SDKROOT; };
		7FBA17E3D287676D786E928D = {isa = PBXFileReference; lastKnownFileType = sourcecode.cpp.objcpp; name = "include_juce_events.mm"; path = "../../JuceLibraryCode/include_juce_events.mm"; sourceTree = "SOURCE_ROOT"; };
		800F40F062A2A910161FCEB4 = {isa = PBXFileReference; lastKnownFileType = file; name = "juce_gui_extra"; path = "../../../../../../../../Applications/JUCE/modules/juce_gui_extra"; sourceTree = "SOURCE_ROOT"; };
		82D3AE1764DE3E7C33445677 = {isa = PBXFileReference; lastKnownFileType = wrapper.framework; name = CoreMIDI.framework; path = System/Library/Frameworks/CoreMIDI.framework; sourceTree = SDKROOT; };
		835F4AE8F163E9025562C7D0 = {isa = PBXFileReference; lastKnownFileType = file; name = "juce_audio_processors"; path = "../../../../../../../../Applications/JUCE/modules/juce_audio_processors"; sourceTree = "SOURCE_ROOT"; };
		83B90270C228ED30D4F3630D = {isa = PBXFileReference; lastKnownFileType = sourcecode.c.h; name = PyoClass.h; path = ../../Source/PyoClass.h; sourceTree = "SOURCE_ROOT"; };
		8692221432C45451D84D26EB = {isa = PBXFileReference; lastKnownFileType = sourcecode.cpp.objcpp; name = "include_juce_audio_devices.mm"; path = "../../JuceLibraryCode/include_juce_audio_devices.mm"; sourceTree = "SOURCE_ROOT"; };
		9C6AC4DFC252BFAC3E344309 = {isa = PBXFileReference; lastKnownFileType = wrapper.framework; name = AudioToolbox.framework; path = System/Library/Frameworks/AudioToolbox.framework; sourceTree = SDKROOT; };
		9FAFF0490BE6607EE9C99AC4 = {isa = PBXFileReference; lastKnownFileType = sourcecode.cpp.objcpp; name = "include_juce_audio_processors.mm"; path = "../../JuceLibraryCode/include_juce_audio_processors.mm"; sourceTree = "SOURCE_ROOT"; };
		A04A48F539B828239DF911BF = {isa = PBXFileReference; lastKnownFileType = file; name = "juce_audio_basics"; path = "../../../../../../../../Applications/JUCE/modules/juce_audio_basics"; sourceTree = "SOURCE_ROOT"; };
		A0F75693EA0CB95D4CDF1895 = {isa = PBXFileReference; lastKnownFileType = sourcecode.c.h; name = JuceHeader.h; path = ../../JuceLibraryCode/JuceHeader.h; sourceTree = "SOURCE_ROOT"; };
		A1EA483B8E958EAF00D0944F = {isa = PBXFileReference; lastKnownFileType = wrapper.framework; name = Carbon.framework; path = System/Library/Frameworks/Carbon.framework; sourceTree = SDKROOT; };
		A46D44A69C500943F4DFAA3F = {isa = PBXFileReference; lastKnownFileType = wrapper.framework; name = QuartzCore.framework; path = System/Library/Frameworks/QuartzCore.framework; sourceTree = SDKROOT; };
		AB23BFF844001DB7F8D663B8 = {isa = PBXFileReference; lastKnownFileType = file; name = "juce_gui_basics"; path = "../../../../../../../../Applications/JUCE/modules/juce_gui_basics"; sourceTree = "SOURCE_ROOT"; };
		B04BA9D1271B97B4504297DC = {isa = PBXFileReference; lastKnownFileType = sourcecode.c.h; name = "m_pyo.h"; path = "../../Source/m_pyo.h"; sourceTree = "SOURCE_ROOT"; };
		B23ABB6BB2E8D314B0F3707D = {isa = PBXFileReference; lastKnownFileType = file; name = "juce_audio_formats"; path = "../../../../../../../../Applications/JUCE/modules/juce_audio_formats"; sourceTree = "SOURCE_ROOT"; };
		B731045D0AA8F0B4157D4661 = {isa = PBXFileReference; lastKnownFileType = sourcecode.cpp.objcpp; name = "include_juce_gui_basics.mm"; path = "../../JuceLibraryCode/include_juce_gui_basics.mm"; sourceTree = "SOURCE_ROOT"; };
		B84D055470E402D920E58504 = {isa = PBXFileReference; lastKnownFileType = file.r; name = "include_juce_audio_plugin_client_AU.r"; path = "../../JuceLibraryCode/include_juce_audio_plugin_client_AU.r"; sourceTree = "SOURCE_ROOT"; };
		BA88E8CC7259A592D929E1C0 = {isa = PBXFileReference; lastKnownFileType = file; name = "juce_events"; path = "../../../../../../../../Applications/JUCE/modules/juce_events"; sourceTree = "SOURCE_ROOT"; };
		BC384E3329B8F7293D480FDE = {isa = PBXFileReference; lastKnownFileType = file; name = "juce_cryptography"; path = "../../../../../../../../Applications/JUCE/modules/juce_cryptography"; sourceTree = "SOURCE_ROOT"; };
		C9039B812D1CE96233982D7A = {isa = PBXFileReference; lastKnownFileType = text.plist.xml; name = "Info-AU.plist"; path = "Info-AU.plist"; sourceTree = "SOURCE_ROOT"; };
		C96E789C5C7DE2986A959A91 = {isa = PBXFileReference; lastKnownFileType = wrapper.framework; name = CoreAudioKit.framework; path = System/Library/Frameworks/CoreAudioKit.framework; sourceTree = SDKROOT; };
		DC2C0B0E609DF53A324704E9 = {isa = PBXFileReference; lastKnownFileType = wrapper.framework; name = Cocoa.framework; path = System/Library/Frameworks/Cocoa.framework; sourceTree = SDKROOT; };
		DCD08F3A9F23E17A2C43D9F5 = {isa = PBXFileReference; lastKnownFileType = wrapper.framework; name = IOKit.framework; path = System/Library/Frameworks/IOKit.framework; sourceTree = SDKROOT; };
		DD0A3C786182941FEA5A42D0 = {isa = PBXFileReference; lastKnownFileType = file; name = "juce_data_structures"; path = "../../../../../../../../Applications/JUCE/modules/juce_data_structures"; sourceTree = "SOURCE_ROOT"; };
		E111BD5A321694058D3E9B6E = {isa = PBXFileReference; lastKnownFileType = sourcecode.c.h; name = AppConfig.h; path = ../../JuceLibraryCode/AppConfig.h; sourceTree = "SOURCE_ROOT"; };
		EADA02061EE21AFF87F93428 = {isa = PBXFileReference; lastKnownFileType = sourcecode.c.h; name = BinaryData.h; path = ../../JuceLibraryCode/BinaryData.h; sourceTree = "SOURCE_ROOT"; };
		EB17E1A6FD2060196B47AE95 = {isa = PBXFileReference; lastKnownFileType = file.nib; name = RecentFilesMenuTemplate.nib; path = RecentFilesMenuTemplate.nib; sourceTree = "SOURCE_ROOT"; };
		ED7112B7795F702D408A7EDF = {isa = PBXFileReference; lastKnownFileType = wrapper.framework; name = CoreAudio.framework; path = System/Library/Frameworks/CoreAudio.framework; sourceTree = SDKROOT; };
		F053B6E79F502AFEEE11A761 = {isa = PBXFileReference; lastKnownFileType = wrapper.framework; name = Python.framework; path = System/Library/Frameworks/Python.framework; sourceTree = SDKROOT; };
		F0830CBA0E4527AA76D11606 = {isa = PBXFileReference; lastKnownFileType = sourcecode.cpp.objcpp; name = "include_juce_audio_formats.mm"; path = "../../JuceLibraryCode/include_juce_audio_formats.mm"; sourceTree = "SOURCE_ROOT"; };
		FB2911FDA18977C7FA91009A = {isa = PBXFileReference; lastKnownFileType = sourcecode.cpp.objcpp; name = "include_juce_data_structures.mm"; path = "../../JuceLibraryCode/include_juce_data_structures.mm"; sourceTree = "SOURCE_ROOT"; };
		5FA127DFCC796AFC21F8066B = {isa = PBXGroup; children = (
					2276BFD4E8B0EB354D1E9BFB,
					41A0B3B0E8683197BF8CF91D,
					B04BA9D1271B97B4504297DC,
					5F284A152D55B240C7CF795F,
					6763DCBD751C486FDEA4EEDE,
					83B90270C228ED30D4F3630D,
					78485639E4AD355373030BC4, ); name = Source; sourceTree = "<group>"; };
		435C85FD2B5CA0E7D668072E = {isa = PBXGroup; children = (
					5FA127DFCC796AFC21F8066B, ); name = PyoFilter; sourceTree = "<group>"; };
		5123E4C7085E1547BF737B01 = {isa = PBXGroup; children = (
					A04A48F539B828239DF911BF,
					1F5EAB43308445DBFD8F4119,
					B23ABB6BB2E8D314B0F3707D,
					1B4F36FF10A8B090ED420ABF,
					835F4AE8F163E9025562C7D0,
					210D9AF8510204D578DE17DA,
					BC384E3329B8F7293D480FDE,
					DD0A3C786182941FEA5A42D0,
					BA88E8CC7259A592D929E1C0,
					726538320A982D750BBCC4FF,
					AB23BFF844001DB7F8D663B8,
					800F40F062A2A910161FCEB4, ); name = "Juce Modules"; sourceTree = "<group>"; };
		AE9626757BFAEE37C0E0FB73 = {isa = PBXGroup; children = (
					E111BD5A321694058D3E9B6E,
					6A4E2F8571C4A07FE0A89607,
					EADA02061EE21AFF87F93428,
					115AD71FB84F2C409E872AD1,
					8692221432C45451D84D26EB,
					F0830CBA0E4527AA76D11606,
					B84D055470E402D920E58504,
					00177D1C9A91108547C865D7,
					5B3262A49FAAD358B3383589,
					67C42BD53B5CF31BA9292F3C,
					0C8F46C243B2832FB20CA114,
					9FAFF0490BE6607EE9C99AC4,
					1A5754624DF8F09B9D05F57D,
					106B1C2789550E304D939965,
					FB2911FDA18977C7FA91009A,
					7FBA17E3D287676D786E928D,
					4EA45B09D76CD190938C5775,
					B731045D0AA8F0B4157D4661,
					2F3EE0BCF02817CEADE703DD,
					A0F75693EA0CB95D4CDF1895, ); name = "Juce Library Code"; sourceTree = "<group>"; };
		7871E228E98E8FE4E5C78BEE = {isa = PBXGroup; children = (
					C9039B812D1CE96233982D7A,
					EB17E1A6FD2060196B47AE95, ); name = Resources; sourceTree = "<group>"; };
		8F3F6082F685DF3F8E8C43A3 = {isa = PBXGroup; children = (
					7269A6D5BB5E6F46E4EEC267,
					9C6AC4DFC252BFAC3E344309,
					7AC4ECC71F664071BA57D33F,
					A1EA483B8E958EAF00D0944F,
					DC2C0B0E609DF53A324704E9,
					ED7112B7795F702D408A7EDF,
					C96E789C5C7DE2986A959A91,
					82D3AE1764DE3E7C33445677,
					DCD08F3A9F23E17A2C43D9F5,
					F053B6E79F502AFEEE11A761,
					A46D44A69C500943F4DFAA3F,
					66B3A44C97B2F7C50CFE4A48, ); name = Frameworks; sourceTree = "<group>"; };
		CB2CE9970ADCA97070488DD0 = {isa = PBXGroup; children = (
					07F231134993368314AED413,
					5598A5D15C92D7D3043FCE48, ); name = Products; sourceTree = "<group>"; };
		A526BEE8C4351639FC15143E = {isa = PBXGroup; children = (
					10A7D5F58EC9D3B37A4A6624,
					435C85FD2B5CA0E7D668072E,
					5123E4C7085E1547BF737B01,
					AE9626757BFAEE37C0E0FB73,
					7871E228E98E8FE4E5C78BEE,
					8F3F6082F685DF3F8E8C43A3,
					CB2CE9970ADCA97070488DD0, ); name = Source; sourceTree = "<group>"; };
		3C3D1DB7318AB5EB18A606E7 = {isa = XCBuildConfiguration; buildSettings = {
				MACOSX_DEPLOYMENT_TARGET = 10.12;
				SDKROOT = macosx10.12; }; name = Debug; };
		16D63447049D7F80696EC7EA = {isa = XCBuildConfiguration; buildSettings = {
				MACOSX_DEPLOYMENT_TARGET = 10.12;
				SDKROOT = macosx10.12; }; name = Release; };
		6D7048A407AE11B21D8E65FD = {isa = XCBuildConfiguration; buildSettings = {
				ARCHS = "$(ARCHS_STANDARD_32_BIT)";
				CLANG_CXX_LANGUAGE_STANDARD = "c++11";
				CLANG_LINK_OBJC_RUNTIME = NO;
				COMBINE_HIDPI_IMAGES = YES;
				CONFIGURATION_BUILD_DIR = "$(PROJECT_DIR)/build/$(CONFIGURATION)";
				COPY_PHASE_STRIP = NO;
				DEPLOYMENT_LOCATION = YES;
				DSTROOT = /;
				GCC_DYNAMIC_NO_PIC = NO;
				GCC_OPTIMIZATION_LEVEL = 0;
				GCC_PREPROCESSOR_DEFINITIONS = (
					"_DEBUG=1",
					"DEBUG=1",
					"JUCER_XCODE_MAC_F6D2F4CF=1",
					"JUCE_APP_VERSION=1.0.0",
					"JUCE_APP_VERSION_HEX=0x10000",
					"JucePlugin_Build_VST=0",
					"JucePlugin_Build_VST3=0",
					"JucePlugin_Build_AU=1",
					"JucePlugin_Build_AUv3=0",
					"JucePlugin_Build_RTAS=0",
					"JucePlugin_Build_AAX=0",
					"JucePlugin_Build_Standalone=0", );
				GCC_VERSION = com.apple.compilers.llvm.clang.1_0;
				GENERATE_PKGINFO_FILE = YES;
				HEADER_SEARCH_PATHS = ("../../JuceLibraryCode", "../../../../../../../../Applications/JUCE/modules", "../../../../../../../../Applications/JUCE/modules/juce_audio_plugin_client", "$(inherited)");
				INFOPLIST_FILE = Info-AU.plist;
				INFOPLIST_PREPROCESS = NO;
				INSTALL_PATH = "$(HOME)/Library/Audio/Plug-Ins/Components/";
				LIBRARY_STYLE = Bundle;
				MACOSX_DEPLOYMENT_TARGET = 10.12;
				MACOSX_DEPLOYMENT_TARGET_ppc = 10.4;
				OTHER_CPLUSPLUSFLAGS = "-I/Library/Frameworks/Python.framework/Versions/2.7/include/python2.7 -I/Library/Frameworks/Python.framework/Versions/2.7/include/python2.7 -fno-strict-aliasing -fno-common -dynamic -arch i386 -arch x86_64 -g -DNDEBUG -g -fwrapv -O3 -Wall";
				OTHER_LDFLAGS = "-bundle -lPyoFilter -L/Library/Frameworks/Python.framework/Versions/2.7/lib/python2.7/config -lpython2.7 -ldl -framework CoreFoundation";
				OTHER_REZFLAGS = "-d ppc_$ppc -d i386_$i386 -d ppc64_$ppc64 -d x86_64_$x86_64 -I /System/Library/Frameworks/CoreServices.framework/Frameworks/CarbonCore.framework/Versions/A/Headers -I \"$(DEVELOPER_DIR)/Extras/CoreAudio/AudioUnits/AUPublic/AUBase\"";
				PRODUCT_BUNDLE_IDENTIFIER = com.yourcompany.PyoFilter;
				SDKROOT = macosx10.12;
				SDKROOT_ppc = macosx10.5;
				USE_HEADERMAP = NO;
				WRAPPER_EXTENSION = component; }; name = Debug; };
		42220284CA19BF986A37CD64 = {isa = XCBuildConfiguration; buildSettings = {
				ARCHS = "$(ARCHS_STANDARD_32_BIT)";
				CLANG_CXX_LANGUAGE_STANDARD = "c++11";
				CLANG_LINK_OBJC_RUNTIME = NO;
				COMBINE_HIDPI_IMAGES = YES;
				CONFIGURATION_BUILD_DIR = "$(PROJECT_DIR)/build/$(CONFIGURATION)";
				COPY_PHASE_STRIP = NO;
				DEPLOYMENT_LOCATION = YES;
				DSTROOT = /;
				GCC_DYNAMIC_NO_PIC = NO;
				GCC_OPTIMIZATION_LEVEL = 3;
				GCC_PREPROCESSOR_DEFINITIONS = (
					"_DEBUG=1",
					"DEBUG=1",
					"JUCER_XCODE_MAC_F6D2F4CF=1",
					"JUCE_APP_VERSION=1.0.0",
					"JUCE_APP_VERSION_HEX=0x10000",
					"JucePlugin_Build_VST=0",
					"JucePlugin_Build_VST3=0",
					"JucePlugin_Build_AU=1",
					"JucePlugin_Build_AUv3=0",
					"JucePlugin_Build_RTAS=0",
					"JucePlugin_Build_AAX=0",
					"JucePlugin_Build_Standalone=0", );
				GCC_VERSION = com.apple.compilers.llvm.clang.1_0;
				GENERATE_PKGINFO_FILE = YES;
				HEADER_SEARCH_PATHS = ("../../JuceLibraryCode", "../../../../../../../../Applications/JUCE/modules", "../../../../../../../../Applications/JUCE/modules/juce_audio_plugin_client", "$(inherited)");
				INFOPLIST_FILE = Info-AU.plist;
				INFOPLIST_PREPROCESS = NO;
				INSTALL_PATH = "$(HOME)/Library/Audio/Plug-Ins/Components/";
				LIBRARY_STYLE = Bundle;
				MACOSX_DEPLOYMENT_TARGET = 10.12;
				MACOSX_DEPLOYMENT_TARGET_ppc = 10.4;
				OTHER_CPLUSPLUSFLAGS = "-I/Library/Frameworks/Python.framework/Versions/2.7/include/python2.7 -I/Library/Frameworks/Python.framework/Versions/2.7/include/python2.7 -fno-strict-aliasing -fno-common -dynamic -arch i386 -arch x86_64 -g -DNDEBUG -g -fwrapv -O3 -Wall";
				OTHER_LDFLAGS = "-bundle -lPyoFilter -L/Library/Frameworks/Python.framework/Versions/2.7/lib/python2.7/config -lpython2.7 -ldl -framework CoreFoundation";
				OTHER_REZFLAGS = "-d ppc_$ppc -d i386_$i386 -d ppc64_$ppc64 -d x86_64_$x86_64 -I /System/Library/Frameworks/CoreServices.framework/Frameworks/CarbonCore.framework/Versions/A/Headers -I \"$(DEVELOPER_DIR)/Extras/CoreAudio/AudioUnits/AUPublic/AUBase\"";
				PRODUCT_BUNDLE_IDENTIFIER = com.yourcompany.PyoFilter;
				SDKROOT = macosx10.12;
				SDKROOT_ppc = macosx10.5;
				USE_HEADERMAP = NO;
				WRAPPER_EXTENSION = component; }; name = Release; };
		0BEC98BB9BF0F11BD6E8DC7F = {isa = XCBuildConfiguration; buildSettings = {
				ARCHS = "$(ARCHS_STANDARD_32_BIT)";
				CLANG_CXX_LANGUAGE_STANDARD = "c++11";
				CLANG_LINK_OBJC_RUNTIME = NO;
				COMBINE_HIDPI_IMAGES = YES;
				CONFIGURATION_BUILD_DIR = "$(PROJECT_DIR)/build/$(CONFIGURATION)";
				COPY_PHASE_STRIP = NO;
				GCC_DYNAMIC_NO_PIC = NO;
				GCC_OPTIMIZATION_LEVEL = 0;
				GCC_PREPROCESSOR_DEFINITIONS = (
					"_DEBUG=1",
					"DEBUG=1",
					"JUCER_XCODE_MAC_F6D2F4CF=1",
					"JUCE_APP_VERSION=1.0.0",
					"JUCE_APP_VERSION_HEX=0x10000",
					"JucePlugin_Build_VST=0",
					"JucePlugin_Build_VST3=0",
					"JucePlugin_Build_AU=1",
					"JucePlugin_Build_AUv3=0",
					"JucePlugin_Build_RTAS=0",
					"JucePlugin_Build_AAX=0",
					"JucePlugin_Build_Standalone=0",
					"JUCE_SHARED_CODE=1", );
				GCC_VERSION = com.apple.compilers.llvm.clang.1_0;
				HEADER_SEARCH_PATHS = ("../../JuceLibraryCode", "../../../../../../../../Applications/JUCE/modules", "../../../../../../../../Applications/JUCE/modules/juce_audio_plugin_client", "$(inherited)");
				INSTALL_PATH = "@executable_path/../Frameworks";
				MACOSX_DEPLOYMENT_TARGET = 10.12;
				MACOSX_DEPLOYMENT_TARGET_ppc = 10.4;
				OTHER_CPLUSPLUSFLAGS = "-I/Library/Frameworks/Python.framework/Versions/2.7/include/python2.7 -I/Library/Frameworks/Python.framework/Versions/2.7/include/python2.7 -fno-strict-aliasing -fno-common -dynamic -arch i386 -arch x86_64 -g -DNDEBUG -g -fwrapv -O3 -Wall";
				OTHER_LDFLAGS = "-L/Library/Frameworks/Python.framework/Versions/2.7/lib/python2.7/config -lpython2.7 -ldl -framework CoreFoundation";
				PRODUCT_BUNDLE_IDENTIFIER = com.yourcompany.PyoFilter;
				SDKROOT = macosx10.12;
				SDKROOT_ppc = macosx10.5;
				USE_HEADERMAP = NO; }; name = Debug; };
		633F18F4D42CE6CEED1D421A = {isa = XCBuildConfiguration; buildSettings = {
				ARCHS = "$(ARCHS_STANDARD_32_BIT)";
				CLANG_CXX_LANGUAGE_STANDARD = "c++11";
				CLANG_LINK_OBJC_RUNTIME = NO;
				COMBINE_HIDPI_IMAGES = YES;
				CONFIGURATION_BUILD_DIR = "$(PROJECT_DIR)/build/$(CONFIGURATION)";
				COPY_PHASE_STRIP = NO;
				GCC_DYNAMIC_NO_PIC = NO;
				GCC_OPTIMIZATION_LEVEL = 3;
				GCC_PREPROCESSOR_DEFINITIONS = (
					"_DEBUG=1",
					"DEBUG=1",
					"JUCER_XCODE_MAC_F6D2F4CF=1",
					"JUCE_APP_VERSION=1.0.0",
					"JUCE_APP_VERSION_HEX=0x10000",
					"JucePlugin_Build_VST=0",
					"JucePlugin_Build_VST3=0",
					"JucePlugin_Build_AU=1",
					"JucePlugin_Build_AUv3=0",
					"JucePlugin_Build_RTAS=0",
					"JucePlugin_Build_AAX=0",
					"JucePlugin_Build_Standalone=0",
					"JUCE_SHARED_CODE=1", );
				GCC_VERSION = com.apple.compilers.llvm.clang.1_0;
				HEADER_SEARCH_PATHS = ("../../JuceLibraryCode", "../../../../../../../../Applications/JUCE/modules", "../../../../../../../../Applications/JUCE/modules/juce_audio_plugin_client", "$(inherited)");
				INSTALL_PATH = "@executable_path/../Frameworks";
				MACOSX_DEPLOYMENT_TARGET = 10.12;
				MACOSX_DEPLOYMENT_TARGET_ppc = 10.4;
				OTHER_CPLUSPLUSFLAGS = "-I/Library/Frameworks/Python.framework/Versions/2.7/include/python2.7 -I/Library/Frameworks/Python.framework/Versions/2.7/include/python2.7 -fno-strict-aliasing -fno-common -dynamic -arch i386 -arch x86_64 -g -DNDEBUG -g -fwrapv -O3 -Wall";
				OTHER_LDFLAGS = "-L/Library/Frameworks/Python.framework/Versions/2.7/lib/python2.7/config -lpython2.7 -ldl -framework CoreFoundation";
				PRODUCT_BUNDLE_IDENTIFIER = com.yourcompany.PyoFilter;
				SDKROOT = macosx10.12;
				SDKROOT_ppc = macosx10.5;
				USE_HEADERMAP = NO; }; name = Release; };
		6E8BAA301EE62BA522569FED = {isa = XCBuildConfiguration; buildSettings = {
				ALWAYS_SEARCH_USER_PATHS = NO;
				CLANG_WARN_BLOCK_CAPTURE_AUTORELEASING = YES;
				CLANG_WARN_BOOL_CONVERSION = YES;
				CLANG_WARN_COMMA = YES;
				CLANG_WARN_CONSTANT_CONVERSION = YES;
				CLANG_WARN_EMPTY_BODY = YES;
				CLANG_WARN_ENUM_CONVERSION = YES;
				CLANG_WARN_INFINITE_RECURSION = YES;
				CLANG_WARN_INT_CONVERSION = YES;
				CLANG_WARN_NON_LITERAL_NULL_CONVERSION = YES;
				CLANG_WARN_OBJC_LITERAL_CONVERSION = YES;
				CLANG_WARN_RANGE_LOOP_ANALYSIS = YES;
				CLANG_WARN_STRICT_PROTOTYPES = YES;
				CLANG_WARN_SUSPICIOUS_MOVE = YES;
				CLANG_WARN_UNREACHABLE_CODE = YES;
				CLANG_WARN__DUPLICATE_METHOD_MATCH = YES;
				DEBUG_INFORMATION_FORMAT = "dwarf";
				ENABLE_STRICT_OBJC_MSGSEND = YES;
				ENABLE_TESTABILITY = YES;
				GCC_C_LANGUAGE_STANDARD = c11;
				GCC_INLINES_ARE_PRIVATE_EXTERN = YES;
				GCC_MODEL_TUNING = G5;
				GCC_NO_COMMON_BLOCKS = YES;
				GCC_WARN_64_TO_32_BIT_CONVERSION = YES;
				GCC_WARN_ABOUT_RETURN_TYPE = YES;
				GCC_WARN_CHECK_SWITCH_STATEMENTS = YES;
				GCC_WARN_MISSING_PARENTHESES = YES;
				GCC_WARN_NON_VIRTUAL_DESTRUCTOR = YES;
				GCC_WARN_TYPECHECK_CALLS_TO_PRINTF = YES;
				GCC_WARN_UNDECLARED_SELECTOR = YES;
				GCC_WARN_UNINITIALIZED_AUTOS = YES;
				GCC_WARN_UNUSED_FUNCTION = YES;
				GCC_WARN_UNUSED_VARIABLE = YES;
				PRODUCT_NAME = "PyoFilter";
				WARNING_CFLAGS = -Wreorder;
				ZERO_LINK = NO; }; name = Debug; };
		E1ABA184A3BB5F3493022AE3 = {isa = XCBuildConfiguration; buildSettings = {
				ALWAYS_SEARCH_USER_PATHS = NO;
				CLANG_WARN_BLOCK_CAPTURE_AUTORELEASING = YES;
				CLANG_WARN_BOOL_CONVERSION = YES;
				CLANG_WARN_COMMA = YES;
				CLANG_WARN_CONSTANT_CONVERSION = YES;
				CLANG_WARN_EMPTY_BODY = YES;
				CLANG_WARN_ENUM_CONVERSION = YES;
				CLANG_WARN_INFINITE_RECURSION = YES;
				CLANG_WARN_INT_CONVERSION = YES;
				CLANG_WARN_NON_LITERAL_NULL_CONVERSION = YES;
				CLANG_WARN_OBJC_LITERAL_CONVERSION = YES;
				CLANG_WARN_RANGE_LOOP_ANALYSIS = YES;
				CLANG_WARN_STRICT_PROTOTYPES = YES;
				CLANG_WARN_SUSPICIOUS_MOVE = YES;
				CLANG_WARN_UNREACHABLE_CODE = YES;
				CLANG_WARN__DUPLICATE_METHOD_MATCH = YES;
				DEBUG_INFORMATION_FORMAT = "dwarf";
				ENABLE_STRICT_OBJC_MSGSEND = YES;
				ENABLE_TESTABILITY = YES;
				GCC_C_LANGUAGE_STANDARD = c11;
				GCC_INLINES_ARE_PRIVATE_EXTERN = YES;
				GCC_MODEL_TUNING = G5;
				GCC_NO_COMMON_BLOCKS = YES;
				GCC_WARN_64_TO_32_BIT_CONVERSION = YES;
				GCC_WARN_ABOUT_RETURN_TYPE = YES;
				GCC_WARN_CHECK_SWITCH_STATEMENTS = YES;
				GCC_WARN_MISSING_PARENTHESES = YES;
				GCC_WARN_NON_VIRTUAL_DESTRUCTOR = YES;
				GCC_WARN_TYPECHECK_CALLS_TO_PRINTF = YES;
				GCC_WARN_UNDECLARED_SELECTOR = YES;
				GCC_WARN_UNINITIALIZED_AUTOS = YES;
				GCC_WARN_UNUSED_FUNCTION = YES;
				GCC_WARN_UNUSED_VARIABLE = YES;
				PRODUCT_NAME = "PyoFilter";
				WARNING_CFLAGS = -Wreorder;
				ZERO_LINK = NO; }; name = Release; };
		0063BE20816FBA46E360F22E = {isa = PBXTargetDependency; target = FAF876D1068B710F836E7016; };
		2C6648D2AED60F54B9CA513C = {isa = PBXTargetDependency; target = 6DA0B439858C2CE2FB11B689; };
		ADF67D4B2AC7C1307138CA91 = {isa = XCConfigurationList; buildConfigurations = (
					6E8BAA301EE62BA522569FED,
					E1ABA184A3BB5F3493022AE3, ); defaultConfigurationIsVisible = 0; defaultConfigurationName = Debug; };
		A382D38B01A8B113CC1A6073 = {isa = XCConfigurationList; buildConfigurations = (
					3C3D1DB7318AB5EB18A606E7,
					16D63447049D7F80696EC7EA, ); defaultConfigurationIsVisible = 0; defaultConfigurationName = Debug; };
		F51228496D68837BD1C75459 = {isa = PBXAggregateTarget; buildConfigurationList = A382D38B01A8B113CC1A6073; buildPhases = (  ); buildRules = ( ); dependencies = (
					0063BE20816FBA46E360F22E,
					2C6648D2AED60F54B9CA513C, ); name = "PyoFilter - All"; productName = PyoFilter; };
		EEC568C373ADE7D7DB5DE198 = {isa = XCConfigurationList; buildConfigurations = (
					6D7048A407AE11B21D8E65FD,
					42220284CA19BF986A37CD64, ); defaultConfigurationIsVisible = 0; defaultConfigurationName = Debug; };
		02AE1DA7F7C6A3B59065CAC6 = {isa = PBXResourcesBuildPhase; buildActionMask = 2147483647; files = (
					9042CEA9539527406C47F6A3, ); runOnlyForDeploymentPostprocessing = 0; };
		CDDB2EA814B710F46E7F7FC7 = {isa = PBXRezBuildPhase; buildActionMask = 2147483647; files = (
					093A14F66924181489CC3D68, ); runOnlyForDeploymentPostprocessing = 0; };
		F8FBC51B8F842A0507702349 = {isa = PBXSourcesBuildPhase; buildActionMask = 2147483647; files = (
					BC4F3BA2DA3038AF282BBADB,
					25E5C1CB8137447630A6C1B8, ); runOnlyForDeploymentPostprocessing = 0; };
		B3D2A1AF8AA30D045D9A111C = {isa = PBXFrameworksBuildPhase; buildActionMask = 2147483647; files = (
					7C223B9B4F974DAC9EE3FD0C,
					A99FF484D1DCE20CFDA3F3E6,
					307BF7B3EB3B5D88E91CCBC9,
					4B27700196DA856CBBA5EA24,
					3A8D44BEBCB10D91FD95A3B3,
					F611B90CC2889000E4BDE96D,
					7C35579A2313658AB56579D2,
					F8E94AFA1DC4B188AEECFB49,
					F55FF5C475179E0AE4F8B4F3,
					C31B605494B884F08239EABD,
					73772D5CE876398FCBD8A924,
					89620AFD76A49C2982E4ED99, ); runOnlyForDeploymentPostprocessing = 0; };
		FAF876D1068B710F836E7016 = {isa = PBXNativeTarget; buildConfigurationList = EEC568C373ADE7D7DB5DE198; buildPhases = (
					02AE1DA7F7C6A3B59065CAC6,
					CDDB2EA814B710F46E7F7FC7,
					F8FBC51B8F842A0507702349,
					B3D2A1AF8AA30D045D9A111C, ); buildRules = ( ); dependencies = (
					2C6648D2AED60F54B9CA513C, ); name = "PyoFilter - AU"; productName = PyoFilter; productReference = 07F231134993368314AED413; productType = "com.apple.product-type.bundle"; };
		2984F37871434FD422C23D31 = {isa = XCConfigurationList; buildConfigurations = (
					0BEC98BB9BF0F11BD6E8DC7F,
					633F18F4D42CE6CEED1D421A, ); defaultConfigurationIsVisible = 0; defaultConfigurationName = Debug; };
		FFAB4B8F21A67FE67ACB13DF = {isa = PBXSourcesBuildPhase; buildActionMask = 2147483647; files = (
					53BE1CD7FA8D080B0C24ABD8,
					8AACC957312B639C7CB4D08A,
					775C187AC55334E9F3FBF005,
					EE2F7EBC2CD08B6CA379145C,
					65105950055CE24ACACE86D4,
					0C03211977D6A323D91B61BA,
					A505A95C71FCA73CDB27F1B2,
					F9233B141B715B96E7991CA5,
					2E21A426FB7700D50F3F009A,
					EE476438E08BD4A949F34E5F,
					D33CD533C42B97C446B414FB,
					39C183D434D26387E4766BD1,
					2B7BBB17D77A64D6CFB4EF0A,
					A3F693F3163EE919C0860FB4,
					512231284322B69B4BC6AAC0,
					35735959EE22EA5E3A58B785, ); runOnlyForDeploymentPostprocessing = 0; };
		6DA0B439858C2CE2FB11B689 = {isa = PBXNativeTarget; buildConfigurationList = 2984F37871434FD422C23D31; buildPhases = (
					FFAB4B8F21A67FE67ACB13DF, ); buildRules = ( ); dependencies = (  ); name = "PyoFilter - Shared Code"; productName = PyoFilter; productReference = 5598A5D15C92D7D3043FCE48; productType = "com.apple.product-type.library.static"; };
		BDEA1E07EAC45597E461081F = {isa = PBXProject; buildConfigurationList = ADF67D4B2AC7C1307138CA91; attributes = { LastUpgradeCheck = 0830; TargetAttributes = { F51228496D68837BD1C75459 = { SystemCapabilities = {com.apple.ApplicationGroups.iOS = { enabled = 0; }; com.apple.InAppPurchase = { enabled = 0; }; com.apple.InterAppAudio = { enabled = 0; }; com.apple.Push = { enabled = 0; }; com.apple.Sandbox = { enabled = 0; }; }; };FAF876D1068B710F836E7016 = { SystemCapabilities = {com.apple.ApplicationGroups.iOS = { enabled = 0; }; com.apple.InAppPurchase = { enabled = 0; }; com.apple.InterAppAudio = { enabled = 0; }; com.apple.Push = { enabled = 0; }; com.apple.Sandbox = { enabled = 0; }; }; };6DA0B439858C2CE2FB11B689 = { SystemCapabilities = {com.apple.ApplicationGroups.iOS = { enabled = 0; }; com.apple.InAppPurchase = { enabled = 0; }; com.apple.InterAppAudio = { enabled = 0; }; com.apple.Push = { enabled = 0; }; com.apple.Sandbox = { enabled = 0; }; }; }; }; }; compatibilityVersion = "Xcode 3.2"; hasScannedForEncodings = 0; mainGroup = A526BEE8C4351639FC15143E; projectDirPath = ""; projectRoot = ""; targets = (F51228496D68837BD1C75459, FAF876D1068B710F836E7016, 6DA0B439858C2CE2FB11B689); };
	};
	rootObject = BDEA1E07EAC45597E461081F;
}
